
Microsoft Visual Studio Solution File, Format Version 12.00
# Visual Studio Version 17
VisualStudioVersion = 17.6.33723.286
MinimumVisualStudioVersion = 10.0.40219.1
Project("{FAE04EC0-301F-11D3-BF4B-00C04F79EFBC}") = "UniversityManagementApp", "UniversityManagementApp\UniversityManagementApp.csproj", "{B4F759CB-5E51-4CD5-A555-903EBBE45D99}"
EndProject
Global
	GlobalSection(SolutionConfigurationPlatforms) = preSolution
		Debug|Any CPU = Debug|Any CPU
		Release|Any CPU = Release|Any CPU
	EndGlobalSection
	GlobalSection(ProjectConfigurationPlatforms) = postSolution
		{B4F759CB-5E51-4CD5-A555-903EBBE45D99}.Debug|Any CPU.ActiveCfg = Debug|Any CPU
		{B4F759CB-5E51-4CD5-A555-903EBBE45D99}.Debug|Any CPU.Build.0 = Debug|Any CPU
		{B4F759CB-5E51-4CD5-A555-903EBBE45D99}.Release|Any CPU.ActiveCfg = Release|Any CPU
		{B4F759CB-5E51-4CD5-A555-903EBBE45D99}.Release|Any CPU.Build.0 = Release|Any CPU
	EndGlobalSection
	GlobalSection(SolutionProperties) = preSolution
		HideSolutionNode = FALSE
	EndGlobalSection
	GlobalSection(ExtensibilityGlobals) = postSolution
		SolutionGuid = {58E868A7-E1E5-4457-818A-A2B1A5E6DD11}
	EndGlobalSection
EndGlobal
